# This file was autogenerated by Stack.
# You should not edit this file by hand.
# For more information, please see the documentation at:
#   https://docs.haskellstack.org/en/stable/lock_files

packages:
- completed:
    hackage: telegram-bot-simple-0.3.7@sha256:f7a7edb82b697d332523d0affce14bcf907d9b00c91c40d327eea8104259a6a7,3807
    pantry-tree:
      size: 2025
      sha256: 81610833ceae3e940459d61b77acbe9fb9042d5c5b3e15dbecd731d3ccef3496
  original:
    hackage: telegram-bot-simple-0.3.7
- completed:
    hackage: servant-multipart-client-0.12.1@sha256:d043063e2f33eab86840f87c4bdb16eb3fe4a5847a0b118e4f4265cf3ba4c9b3,1892
    pantry-tree:
      size: 400
      sha256: cb02eea7894a94e5dedf5cb74fd5fc6b989711ebb46a0e14d77f74f3b89dcbe0
  original:
    hackage: servant-multipart-client-0.12.1
- completed:
    hackage: unliftio-core-0.2.0.1@sha256:f9abcdd3f3d28e4840563efb7b8760d2de9b5707bcd6f53a87f6a0d77bb5a9f7,1082
    pantry-tree:
      size: 328
      sha256: 9955bc1336dd07c94928892f1a97aed6e5fe63a4242f089a0efd2e95174490ea
  original:
    hackage: unliftio-core-0.2.0.1
snapshots:
- completed:
    size: 585817
    url: https://raw.githubusercontent.com/commercialhaskell/stackage-snapshots/master/lts/18/5.yaml
    sha256: 22d24d0dacad9c1450b9a174c28d203f9bb482a2a8da9710a2f2a9f4afee2887
  original:
    url: https://raw.githubusercontent.com/commercialhaskell/stackage-snapshots/master/lts/18/5.yaml
